// !$*UTF8*$!
{
	archiveVersion = 1;
	classes = {
	};
	objectVersion = 55;
	objects = {

/* Begin PBXBuildFile section */
		03382B1C27750065003943D3 /* Tests_iOS.swift in Sources */ = {isa = PBXBuildFile; fileRef = 03382B1B27750065003943D3 /* Tests_iOS.swift */; };
		03382B1E27750065003943D3 /* Tests_iOSLaunchTests.swift in Sources */ = {isa = PBXBuildFile; fileRef = 03382B1D27750065003943D3 /* Tests_iOSLaunchTests.swift */; };
		03382B2827750065003943D3 /* Tests_macOS.swift in Sources */ = {isa = PBXBuildFile; fileRef = 03382B2727750065003943D3 /* Tests_macOS.swift */; };
		03382B2A27750065003943D3 /* Tests_macOSLaunchTests.swift in Sources */ = {isa = PBXBuildFile; fileRef = 03382B2927750065003943D3 /* Tests_macOSLaunchTests.swift */; };
		03382B2B27750065003943D3 /* BejeweledApp.swift in Sources */ = {isa = PBXBuildFile; fileRef = 03382B0327750065003943D3 /* BejeweledApp.swift */; };
		03382B2C27750065003943D3 /* BejeweledApp.swift in Sources */ = {isa = PBXBuildFile; fileRef = 03382B0327750065003943D3 /* BejeweledApp.swift */; };
		03382B2D27750065003943D3 /* GameView.swift in Sources */ = {isa = PBXBuildFile; fileRef = 03382B0427750065003943D3 /* GameView.swift */; };
		03382B2E27750065003943D3 /* GameView.swift in Sources */ = {isa = PBXBuildFile; fileRef = 03382B0427750065003943D3 /* GameView.swift */; };
		03382B2F27750065003943D3 /* Assets.xcassets in Resources */ = {isa = PBXBuildFile; fileRef = 03382B0527750065003943D3 /* Assets.xcassets */; };
		03382B3027750065003943D3 /* Assets.xcassets in Resources */ = {isa = PBXBuildFile; fileRef = 03382B0527750065003943D3 /* Assets.xcassets */; };
		03382B41277502A4003943D3 /* OrderedCollections in Frameworks */ = {isa = PBXBuildFile; productRef = 03382B40277502A4003943D3 /* OrderedCollections */; };
		03662981280CEF2800456844 /* GameViewModel.swift in Sources */ = {isa = PBXBuildFile; fileRef = 03662980280CEF2800456844 /* GameViewModel.swift */; };
		03662982280CEF2900456844 /* GameViewModel.swift in Sources */ = {isa = PBXBuildFile; fileRef = 03662980280CEF2800456844 /* GameViewModel.swift */; };
		03662984280CEF4700456844 /* PreferenceKey.swift in Sources */ = {isa = PBXBuildFile; fileRef = 03662983280CEF4700456844 /* PreferenceKey.swift */; };
		03662985280CEF4700456844 /* PreferenceKey.swift in Sources */ = {isa = PBXBuildFile; fileRef = 03662983280CEF4700456844 /* PreferenceKey.swift */; };
		03662987280CEF8B00456844 /* With.swift in Sources */ = {isa = PBXBuildFile; fileRef = 03662986280CEF8B00456844 /* With.swift */; };
		03662988280CEF8B00456844 /* With.swift in Sources */ = {isa = PBXBuildFile; fileRef = 03662986280CEF8B00456844 /* With.swift */; };
		0366298A280CEF9700456844 /* Animation.swift in Sources */ = {isa = PBXBuildFile; fileRef = 03662989280CEF9700456844 /* Animation.swift */; };
		0366298B280CEF9700456844 /* Animation.swift in Sources */ = {isa = PBXBuildFile; fileRef = 03662989280CEF9700456844 /* Animation.swift */; };
/* End PBXBuildFile section */

/* Begin PBXContainerItemProxy section */
		03382B1827750065003943D3 /* PBXContainerItemProxy */ = {
			isa = PBXContainerItemProxy;
			containerPortal = 03382AFE27750065003943D3 /* Project object */;
			proxyType = 1;
			remoteGlobalIDString = 03382B0927750065003943D3;
			remoteInfo = "Bejeweled (iOS)";
		};
		03382B2427750065003943D3 /* PBXContainerItemProxy */ = {
			isa = PBXContainerItemProxy;
			containerPortal = 03382AFE27750065003943D3 /* Project object */;
			proxyType = 1;
			remoteGlobalIDString = 03382B0F27750065003943D3;
			remoteInfo = "Bejeweled (macOS)";
		};
/* End PBXContainerItemProxy section */

/* Begin PBXFileReference section */
		03382B0327750065003943D3 /* BejeweledApp.swift */ = {isa = PBXFileReference; lastKnownFileType = sourcecode.swift; path = BejeweledApp.swift; sourceTree = "<group>"; };
		03382B0427750065003943D3 /* GameView.swift */ = {isa = PBXFileReference; lastKnownFileType = sourcecode.swift; path = GameView.swift; sourceTree = "<group>"; };
		03382B0527750065003943D3 /* Assets.xcassets */ = {isa = PBXFileReference; lastKnownFileType = folder.assetcatalog; path = Assets.xcassets; sourceTree = "<group>"; };
		03382B0A27750065003943D3 /* Bejeweled.app */ = {isa = PBXFileReference; explicitFileType = wrapper.application; includeInIndex = 0; path = Bejeweled.app; sourceTree = BUILT_PRODUCTS_DIR; };
		03382B1027750065003943D3 /* Bejeweled.app */ = {isa = PBXFileReference; explicitFileType = wrapper.application; includeInIndex = 0; path = Bejeweled.app; sourceTree = BUILT_PRODUCTS_DIR; };
		03382B1227750065003943D3 /* macOS.entitlements */ = {isa = PBXFileReference; lastKnownFileType = text.plist.entitlements; path = macOS.entitlements; sourceTree = "<group>"; };
		03382B1727750065003943D3 /* Tests iOS.xctest */ = {isa = PBXFileReference; explicitFileType = wrapper.cfbundle; includeInIndex = 0; path = "Tests iOS.xctest"; sourceTree = BUILT_PRODUCTS_DIR; };
		03382B1B27750065003943D3 /* Tests_iOS.swift */ = {isa = PBXFileReference; lastKnownFileType = sourcecode.swift; path = Tests_iOS.swift; sourceTree = "<group>"; };
		03382B1D27750065003943D3 /* Tests_iOSLaunchTests.swift */ = {isa = PBXFileReference; lastKnownFileType = sourcecode.swift; path = Tests_iOSLaunchTests.swift; sourceTree = "<group>"; };
		03382B2327750065003943D3 /* Tests macOS.xctest */ = {isa = PBXFileReference; explicitFileType = wrapper.cfbundle; includeInIndex = 0; path = "Tests macOS.xctest"; sourceTree = BUILT_PRODUCTS_DIR; };
		03382B2727750065003943D3 /* Tests_macOS.swift */ = {isa = PBXFileReference; lastKnownFileType = sourcecode.swift; path = Tests_macOS.swift; sourceTree = "<group>"; };
		03382B2927750065003943D3 /* Tests_macOSLaunchTests.swift */ = {isa = PBXFileReference; lastKnownFileType = sourcecode.swift; path = Tests_macOSLaunchTests.swift; sourceTree = "<group>"; };
		03662980280CEF2800456844 /* GameViewModel.swift */ = {isa = PBXFileReference; lastKnownFileType = sourcecode.swift; path = GameViewModel.swift; sourceTree = "<group>"; };
		03662983280CEF4700456844 /* PreferenceKey.swift */ = {isa = PBXFileReference; lastKnownFileType = sourcecode.swift; path = PreferenceKey.swift; sourceTree = "<group>"; };
		03662986280CEF8B00456844 /* With.swift */ = {isa = PBXFileReference; lastKnownFileType = sourcecode.swift; path = With.swift; sourceTree = "<group>"; };
		03662989280CEF9700456844 /* Animation.swift */ = {isa = PBXFileReference; lastKnownFileType = sourcecode.swift; path = Animation.swift; sourceTree = "<group>"; };
/* End PBXFileReference section */

/* Begin PBXFrameworksBuildPhase section */
		03382B0727750065003943D3 /* Frameworks */ = {
			isa = PBXFrameworksBuildPhase;
			buildActionMask = 2147483647;
			files = (
				03382B41277502A4003943D3 /* OrderedCollections in Frameworks */,
			);
			runOnlyForDeploymentPostprocessing = 0;
		};
		03382B0D27750065003943D3 /* Frameworks */ = {
			isa = PBXFrameworksBuildPhase;
			buildActionMask = 2147483647;
			files = (
			);
			runOnlyForDeploymentPostprocessing = 0;
		};
		03382B1427750065003943D3 /* Frameworks */ = {
			isa = PBXFrameworksBuildPhase;
			buildActionMask = 2147483647;
			files = (
			);
			runOnlyForDeploymentPostprocessing = 0;
		};
		03382B2027750065003943D3 /* Frameworks */ = {
			isa = PBXFrameworksBuildPhase;
			buildActionMask = 2147483647;
			files = (
			);
			runOnlyForDeploymentPostprocessing = 0;
		};
/* End PBXFrameworksBuildPhase section */

/* Begin PBXGroup section */
		03382AFD27750065003943D3 = {
			isa = PBXGroup;
			children = (
				03382B0227750065003943D3 /* Shared */,
				03382B1127750065003943D3 /* macOS */,
				03382B1A27750065003943D3 /* Tests iOS */,
				03382B2627750065003943D3 /* Tests macOS */,
				03382B0B27750065003943D3 /* Products */,
			);
			sourceTree = "<group>";
		};
		03382B0227750065003943D3 /* Shared */ = {
			isa = PBXGroup;
			children = (
				03382B0327750065003943D3 /* BejeweledApp.swift */,
				03382B0427750065003943D3 /* GameView.swift */,
				03662980280CEF2800456844 /* GameViewModel.swift */,
				03662983280CEF4700456844 /* PreferenceKey.swift */,
				03662986280CEF8B00456844 /* With.swift */,
				03662989280CEF9700456844 /* Animation.swift */,
				03382B0527750065003943D3 /* Assets.xcassets */,
			);
			path = Shared;
			sourceTree = "<group>";
		};
		03382B0B27750065003943D3 /* Products */ = {
			isa = PBXGroup;
			children = (
				03382B0A27750065003943D3 /* Bejeweled.app */,
				03382B1027750065003943D3 /* Bejeweled.app */,
				03382B1727750065003943D3 /* Tests iOS.xctest */,
				03382B2327750065003943D3 /* Tests macOS.xctest */,
			);
			name = Products;
			sourceTree = "<group>";
		};
		03382B1127750065003943D3 /* macOS */ = {
			isa = PBXGroup;
			children = (
				03382B1227750065003943D3 /* macOS.entitlements */,
			);
			path = macOS;
			sourceTree = "<group>";
		};
		03382B1A27750065003943D3 /* Tests iOS */ = {
			isa = PBXGroup;
			children = (
				03382B1B27750065003943D3 /* Tests_iOS.swift */,
				03382B1D27750065003943D3 /* Tests_iOSLaunchTests.swift */,
			);
			path = "Tests iOS";
			sourceTree = "<group>";
		};
		03382B2627750065003943D3 /* Tests macOS */ = {
			isa = PBXGroup;
			children = (
				03382B2727750065003943D3 /* Tests_macOS.swift */,
				03382B2927750065003943D3 /* Tests_macOSLaunchTests.swift */,
			);
			path = "Tests macOS";
			sourceTree = "<group>";
		};
/* End PBXGroup section */

/* Begin PBXNativeTarget section */
		03382B0927750065003943D3 /* Bejeweled (iOS) */ = {
			isa = PBXNativeTarget;
			buildConfigurationList = 03382B3327750065003943D3 /* Build configuration list for PBXNativeTarget "Bejeweled (iOS)" */;
			buildPhases = (
				03382B0627750065003943D3 /* Sources */,
				03382B0727750065003943D3 /* Frameworks */,
				03382B0827750065003943D3 /* Resources */,
			);
			buildRules = (
			);
			dependencies = (
			);
			name = "Bejeweled (iOS)";
			packageProductDependencies = (
				03382B40277502A4003943D3 /* OrderedCollections */,
			);
			productName = "Bejeweled (iOS)";
			productReference = 03382B0A27750065003943D3 /* Bejeweled.app */;
			productType = "com.apple.product-type.application";
		};
		03382B0F27750065003943D3 /* Bejeweled (macOS) */ = {
			isa = PBXNativeTarget;
			buildConfigurationList = 03382B3627750065003943D3 /* Build configuration list for PBXNativeTarget "Bejeweled (macOS)" */;
			buildPhases = (
				03382B0C27750065003943D3 /* Sources */,
				03382B0D27750065003943D3 /* Frameworks */,
				03382B0E27750065003943D3 /* Resources */,
			);
			buildRules = (
			);
			dependencies = (
			);
			name = "Bejeweled (macOS)";
			productName = "Bejeweled (macOS)";
			productReference = 03382B1027750065003943D3 /* Bejeweled.app */;
			productType = "com.apple.product-type.application";
		};
		03382B1627750065003943D3 /* Tests iOS */ = {
			isa = PBXNativeTarget;
			buildConfigurationList = 03382B3927750065003943D3 /* Build configuration list for PBXNativeTarget "Tests iOS" */;
			buildPhases = (
				03382B1327750065003943D3 /* Sources */,
				03382B1427750065003943D3 /* Frameworks */,
				03382B1527750065003943D3 /* Resources */,
			);
			buildRules = (
			);
			dependencies = (
				03382B1927750065003943D3 /* PBXTargetDependency */,
			);
			name = "Tests iOS";
			productName = "Tests iOS";
			productReference = 03382B1727750065003943D3 /* Tests iOS.xctest */;
			productType = "com.apple.product-type.bundle.ui-testing";
		};
		03382B2227750065003943D3 /* Tests macOS */ = {
			isa = PBXNativeTarget;
			buildConfigurationList = 03382B3C27750065003943D3 /* Build configuration list for PBXNativeTarget "Tests macOS" */;
			buildPhases = (
				03382B1F27750065003943D3 /* Sources */,
				03382B2027750065003943D3 /* Frameworks */,
				03382B2127750065003943D3 /* Resources */,
			);
			buildRules = (
			);
			dependencies = (
				03382B2527750065003943D3 /* PBXTargetDependency */,
			);
			name = "Tests macOS";
			productName = "Tests macOS";
			productReference = 03382B2327750065003943D3 /* Tests macOS.xctest */;
			productType = "com.apple.product-type.bundle.ui-testing";
		};
/* End PBXNativeTarget section */

/* Begin PBXProject section */
		03382AFE27750065003943D3 /* Project object */ = {
			isa = PBXProject;
			attributes = {
				BuildIndependentTargetsInParallel = 1;
				LastSwiftUpdateCheck = 1310;
				LastUpgradeCheck = 1310;
				TargetAttributes = {
					03382B0927750065003943D3 = {
						CreatedOnToolsVersion = 13.1;
					};
					03382B0F27750065003943D3 = {
						CreatedOnToolsVersion = 13.1;
					};
					03382B1627750065003943D3 = {
						CreatedOnToolsVersion = 13.1;
						TestTargetID = 03382B0927750065003943D3;
					};
					03382B2227750065003943D3 = {
						CreatedOnToolsVersion = 13.1;
						TestTargetID = 03382B0F27750065003943D3;
					};
				};
			};
			buildConfigurationList = 03382B0127750065003943D3 /* Build configuration list for PBXProject "Bejeweled" */;
			compatibilityVersion = "Xcode 13.0";
			developmentRegion = en;
			hasScannedForEncodings = 0;
			knownRegions = (
				en,
				Base,
			);
			mainGroup = 03382AFD27750065003943D3;
			packageReferences = (
				03382B3F277502A4003943D3 /* XCRemoteSwiftPackageReference "swift-collections" */,
			);
			productRefGroup = 03382B0B27750065003943D3 /* Products */;
			projectDirPath = "";
			projectRoot = "";
			targets = (
				03382B0927750065003943D3 /* Bejeweled (iOS) */,
				03382B0F27750065003943D3 /* Bejeweled (macOS) */,
				03382B1627750065003943D3 /* Tests iOS */,
				03382B2227750065003943D3 /* Tests macOS */,
			);
		};
/* End PBXProject section */

/* Begin PBXResourcesBuildPhase section */
		03382B0827750065003943D3 /* Resources */ = {
			isa = PBXResourcesBuildPhase;
			buildActionMask = 2147483647;
			files = (
				03382B2F27750065003943D3 /* Assets.xcassets in Resources */,
			);
			runOnlyForDeploymentPostprocessing = 0;
		};
		03382B0E27750065003943D3 /* Resources */ = {
			isa = PBXResourcesBuildPhase;
			buildActionMask = 2147483647;
			files = (
				03382B3027750065003943D3 /* Assets.xcassets in Resources */,
			);
			runOnlyForDeploymentPostprocessing = 0;
		};
		03382B1527750065003943D3 /* Resources */ = {
			isa = PBXResourcesBuildPhase;
			buildActionMask = 2147483647;
			files = (
			);
			runOnlyForDeploymentPostprocessing = 0;
		};
		03382B2127750065003943D3 /* Resources */ = {
			isa = PBXResourcesBuildPhase;
			buildActionMask = 2147483647;
			files = (
			);
			runOnlyForDeploymentPostprocessing = 0;
		};
/* End PBXResourcesBuildPhase section */

/* Begin PBXSourcesBuildPhase section */
		03382B0627750065003943D3 /* Sources */ = {
			isa = PBXSourcesBuildPhase;
			buildActionMask = 2147483647;
			files = (
				03662987280CEF8B00456844 /* With.swift in Sources */,
				03662981280CEF2800456844 /* GameViewModel.swift in Sources */,
				03382B2D27750065003943D3 /* GameView.swift in Sources */,
				03662984280CEF4700456844 /* PreferenceKey.swift in Sources */,
				0366298A280CEF9700456844 /* Animation.swift in Sources */,
				03382B2B27750065003943D3 /* BejeweledApp.swift in Sources */,
			);
			runOnlyForDeploymentPostprocessing = 0;
		};
		03382B0C27750065003943D3 /* Sources */ = {
			isa = PBXSourcesBuildPhase;
			buildActionMask = 2147483647;
			files = (
				03662988280CEF8B00456844 /* With.swift in Sources */,
				03662982280CEF2900456844 /* GameViewModel.swift in Sources */,
				03382B2E27750065003943D3 /* GameView.swift in Sources */,
				03662985280CEF4700456844 /* PreferenceKey.swift in Sources */,
				0366298B280CEF9700456844 /* Animation.swift in Sources */,
				03382B2C27750065003943D3 /* BejeweledApp.swift in Sources */,
			);
			runOnlyForDeploymentPostprocessing = 0;
		};
		03382B1327750065003943D3 /* Sources */ = {
			isa = PBXSourcesBuildPhase;
			buildActionMask = 2147483647;
			files = (
				03382B1E27750065003943D3 /* Tests_iOSLaunchTests.swift in Sources */,
				03382B1C27750065003943D3 /* Tests_iOS.swift in Sources */,
			);
			runOnlyForDeploymentPostprocessing = 0;
		};
		03382B1F27750065003943D3 /* Sources */ = {
			isa = PBXSourcesBuildPhase;
			buildActionMask = 2147483647;
			files = (
				03382B2A27750065003943D3 /* Tests_macOSLaunchTests.swift in Sources */,
				03382B2827750065003943D3 /* Tests_macOS.swift in Sources */,
			);
			runOnlyForDeploymentPostprocessing = 0;
		};
/* End PBXSourcesBuildPhase section */

/* Begin PBXTargetDependency section */
		03382B1927750065003943D3 /* PBXTargetDependency */ = {
			isa = PBXTargetDependency;
			target = 03382B0927750065003943D3 /* Bejeweled (iOS) */;
			targetProxy = 03382B1827750065003943D3 /* PBXContainerItemProxy */;
		};
		03382B2527750065003943D3 /* PBXTargetDependency */ = {
			isa = PBXTargetDependency;
			target = 03382B0F27750065003943D3 /* Bejeweled (macOS) */;
			targetProxy = 03382B2427750065003943D3 /* PBXContainerItemProxy */;
		};
/* End PBXTargetDependency section */

/* Begin XCBuildConfiguration section */
		03382B3127750065003943D3 /* Debug */ = {
			isa = XCBuildConfiguration;
			buildSettings = {
				ALWAYS_SEARCH_USER_PATHS = NO;
				CLANG_ANALYZER_NONNULL = YES;
				CLANG_ANALYZER_NUMBER_OBJECT_CONVERSION = YES_AGGRESSIVE;
				CLANG_CXX_LANGUAGE_STANDARD = "gnu++17";
				CLANG_CXX_LIBRARY = "libc++";
				CLANG_ENABLE_MODULES = YES;
				CLANG_ENABLE_OBJC_ARC = YES;
				CLANG_ENABLE_OBJC_WEAK = YES;
				CLANG_WARN_BLOCK_CAPTURE_AUTORELEASING = YES;
				CLANG_WARN_BOOL_CONVERSION = YES;
				CLANG_WARN_COMMA = YES;
				CLANG_WARN_CONSTANT_CONVERSION = YES;
				CLANG_WARN_DEPRECATED_OBJC_IMPLEMENTATIONS = YES;
				CLANG_WARN_DIRECT_OBJC_ISA_USAGE = YES_ERROR;
				CLANG_WARN_DOCUMENTATION_COMMENTS = YES;
				CLANG_WARN_EMPTY_BODY = YES;
				CLANG_WARN_ENUM_CONVERSION = YES;
				CLANG_WARN_INFINITE_RECURSION = YES;
				CLANG_WARN_INT_CONVERSION = YES;
				CLANG_WARN_NON_LITERAL_NULL_CONVERSION = YES;
				CLANG_WARN_OBJC_IMPLICIT_RETAIN_SELF = YES;
				CLANG_WARN_OBJC_LITERAL_CONVERSION = YES;
				CLANG_WARN_OBJC_ROOT_CLASS = YES_ERROR;
				CLANG_WARN_QUOTED_INCLUDE_IN_FRAMEWORK_HEADER = YES;
				CLANG_WARN_RANGE_LOOP_ANALYSIS = YES;
				CLANG_WARN_STRICT_PROTOTYPES = YES;
				CLANG_WARN_SUSPICIOUS_MOVE = YES;
				CLANG_WARN_UNGUARDED_AVAILABILITY = YES_AGGRESSIVE;
				CLANG_WARN_UNREACHABLE_CODE = YES;
				CLANG_WARN__DUPLICATE_METHOD_MATCH = YES;
				COPY_PHASE_STRIP = NO;
				DEBUG_INFORMATION_FORMAT = dwarf;
				ENABLE_STRICT_OBJC_MSGSEND = YES;
				ENABLE_TESTABILITY = YES;
				GCC_C_LANGUAGE_STANDARD = gnu11;
				GCC_DYNAMIC_NO_PIC = NO;
				GCC_NO_COMMON_BLOCKS = YES;
				GCC_OPTIMIZATION_LEVEL = 0;
				GCC_PREPROCESSOR_DEFINITIONS = (
					"DEBUG=1",
					"$(inherited)",
				);
				GCC_WARN_64_TO_32_BIT_CONVERSION = YES;
				GCC_WARN_ABOUT_RETURN_TYPE = YES_ERROR;
				GCC_WARN_UNDECLARED_SELECTOR = YES;
				GCC_WARN_UNINITIALIZED_AUTOS = YES_AGGRESSIVE;
				GCC_WARN_UNUSED_FUNCTION = YES;
				GCC_WARN_UNUSED_VARIABLE = YES;
				MTL_ENABLE_DEBUG_INFO = INCLUDE_SOURCE;
				MTL_FAST_MATH = YES;
				ONLY_ACTIVE_ARCH = YES;
				SWIFT_ACTIVE_COMPILATION_CONDITIONS = DEBUG;
				SWIFT_OPTIMIZATION_LEVEL = "-Onone";
			};
			name = Debug;
		};
		03382B3227750065003943D3 /* Release */ = {
			isa = XCBuildConfiguration;
			buildSettings = {
				ALWAYS_SEARCH_USER_PATHS = NO;
				CLANG_ANALYZER_NONNULL = YES;
				CLANG_ANALYZER_NUMBER_OBJECT_CONVERSION = YES_AGGRESSIVE;
				CLANG_CXX_LANGUAGE_STANDARD = "gnu++17";
				CLANG_CXX_LIBRARY = "libc++";
				CLANG_ENABLE_MODULES = YES;
				CLANG_ENABLE_OBJC_ARC = YES;
				CLANG_ENABLE_OBJC_WEAK = YES;
				CLANG_WARN_BLOCK_CAPTURE_AUTORELEASING = YES;
				CLANG_WARN_BOOL_CONVERSION = YES;
				CLANG_WARN_COMMA = YES;
				CLANG_WARN_CONSTANT_CONVERSION = YES;
				CLANG_WARN_DEPRECATED_OBJC_IMPLEMENTATIONS = YES;
				CLANG_WARN_DIRECT_OBJC_ISA_USAGE = YES_ERROR;
				CLANG_WARN_DOCUMENTATION_COMMENTS = YES;
				CLANG_WARN_EMPTY_BODY = YES;
				CLANG_WARN_ENUM_CONVERSION = YES;
				CLANG_WARN_INFINITE_RECURSION = YES;
				CLANG_WARN_INT_CONVERSION = YES;
				CLANG_WARN_NON_LITERAL_NULL_CONVERSION = YES;
				CLANG_WARN_OBJC_IMPLICIT_RETAIN_SELF = YES;
				CLANG_WARN_OBJC_LITERAL_CONVERSION = YES;
				CLANG_WARN_OBJC_ROOT_CLASS = YES_ERROR;
				CLANG_WARN_QUOTED_INCLUDE_IN_FRAMEWORK_HEADER = YES;
				CLANG_WARN_RANGE_LOOP_ANALYSIS = YES;
				CLANG_WARN_STRICT_PROTOTYPES = YES;
				CLANG_WARN_SUSPICIOUS_MOVE = YES;
				CLANG_WARN_UNGUARDED_AVAILABILITY = YES_AGGRESSIVE;
				CLANG_WARN_UNREACHABLE_CODE = YES;
				CLANG_WARN__DUPLICATE_METHOD_MATCH = YES;
				COPY_PHASE_STRIP = NO;
				DEBUG_INFORMATION_FORMAT = "dwarf-with-dsym";
				ENABLE_NS_ASSERTIONS = NO;
				ENABLE_STRICT_OBJC_MSGSEND = YES;
				GCC_C_LANGUAGE_STANDARD = gnu11;
				GCC_NO_COMMON_BLOCKS = YES;
				GCC_WARN_64_TO_32_BIT_CONVERSION = YES;
				GCC_WARN_ABOUT_RETURN_TYPE = YES_ERROR;
				GCC_WARN_UNDECLARED_SELECTOR = YES;
				GCC_WARN_UNINITIALIZED_AUTOS = YES_AGGRESSIVE;
				GCC_WARN_UNUSED_FUNCTION = YES;
				GCC_WARN_UNUSED_VARIABLE = YES;
				MTL_ENABLE_DEBUG_INFO = NO;
				MTL_FAST_MATH = YES;
				SWIFT_COMPILATION_MODE = wholemodule;
				SWIFT_OPTIMIZATION_LEVEL = "-O";
			};
			name = Release;
		};
		03382B3427750065003943D3 /* Debug */ = {
			isa = XCBuildConfiguration;
			buildSettings = {
				ASSETCATALOG_COMPILER_APPICON_NAME = AppIcon;
				ASSETCATALOG_COMPILER_GLOBAL_ACCENT_COLOR_NAME = AccentColor;
				CODE_SIGN_IDENTITY = "iPhone Developer";
				CODE_SIGN_STYLE = Manual;
				CURRENT_PROJECT_VERSION = 1;
				DEVELOPMENT_TEAM = L4WMJSL77G;
				ENABLE_PREVIEWS = YES;
				GENERATE_INFOPLIST_FILE = YES;
				INFOPLIST_KEY_UIApplicationSceneManifest_Generation = YES;
				INFOPLIST_KEY_UIApplicationSupportsIndirectInputEvents = YES;
				INFOPLIST_KEY_UILaunchScreen_Generation = YES;
				INFOPLIST_KEY_UISupportedInterfaceOrientations_iPad = "UIInterfaceOrientationPortrait UIInterfaceOrientationPortraitUpsideDown UIInterfaceOrientationLandscapeLeft UIInterfaceOrientationLandscapeRight";
				INFOPLIST_KEY_UISupportedInterfaceOrientations_iPhone = "UIInterfaceOrientationPortrait UIInterfaceOrientationLandscapeLeft UIInterfaceOrientationLandscapeRight";
				IPHONEOS_DEPLOYMENT_TARGET = 15.0;
				LD_RUNPATH_SEARCH_PATHS = (
					"$(inherited)",
					"@executable_path/Frameworks",
				);
				MARKETING_VERSION = 1.0;
				PRODUCT_BUNDLE_IDENTIFIER = com.josh.Bejeweled;
				PRODUCT_NAME = Bejeweled;
				PROVISIONING_PROFILE_SPECIFIER = "Genral development";
				SDKROOT = iphoneos;
				SWIFT_EMIT_LOC_STRINGS = YES;
				SWIFT_VERSION = 5.0;
				TARGETED_DEVICE_FAMILY = "1,2";
			};
			name = Debug;
		};
		03382B3527750065003943D3 /* Release */ = {
			isa = XCBuildConfiguration;
			buildSettings = {
				ASSETCATALOG_COMPILER_APPICON_NAME = AppIcon;
				ASSETCATALOG_COMPILER_GLOBAL_ACCENT_COLOR_NAME = AccentColor;
				CODE_SIGN_IDENTITY = "iPhone Developer";
				CODE_SIGN_STYLE = Manual;
				CURRENT_PROJECT_VERSION = 1;
				DEVELOPMENT_TEAM = L4WMJSL77G;
				ENABLE_PREVIEWS = YES;
				GENERATE_INFOPLIST_FILE = YES;
				INFOPLIST_KEY_UIApplicationSceneManifest_Generation = YES;
				INFOPLIST_KEY_UIApplicationSupportsIndirectInputEvents = YES;
				INFOPLIST_KEY_UILaunchScreen_Generation = YES;
				INFOPLIST_KEY_UISupportedInterfaceOrientations_iPad = "UIInterfaceOrientationPortrait UIInterfaceOrientationPortraitUpsideDown UIInterfaceOrientationLandscapeLeft UIInterfaceOrientationLandscapeRight";
				INFOPLIST_KEY_UISupportedInterfaceOrientations_iPhone = "UIInterfaceOrientationPortrait UIInterfaceOrientationLandscapeLeft UIInterfaceOrientationLandscapeRight";
				IPHONEOS_DEPLOYMENT_TARGET = 15.0;
				LD_RUNPATH_SEARCH_PATHS = (
					"$(inherited)",
					"@executable_path/Frameworks",
				);
				MARKETING_VERSION = 1.0;
				PRODUCT_BUNDLE_IDENTIFIER = com.josh.Bejeweled;
				PRODUCT_NAME = Bejeweled;
				PROVISIONING_PROFILE_SPECIFIER = "Genral development";
				SDKROOT = iphoneos;
				SWIFT_EMIT_LOC_STRINGS = YES;
				SWIFT_VERSION = 5.0;
				TARGETED_DEVICE_FAMILY = "1,2";
				VALIDATE_PRODUCT = YES;
			};
			name = Release;
		};
		03382B3727750065003943D3 /* Debug */ = {
			isa = XCBuildConfiguration;
			buildSettings = {
				ASSETCATALOG_COMPILER_APPICON_NAME = AppIcon;
				ASSETCATALOG_COMPILER_GLOBAL_ACCENT_COLOR_NAME = AccentColor;
				CODE_SIGN_ENTITLEMENTS = macOS/macOS.entitlements;
				CODE_SIGN_STYLE = Automatic;
				COMBINE_HIDPI_IMAGES = YES;
				CURRENT_PROJECT_VERSION = 1;
				ENABLE_PREVIEWS = YES;
				GENERATE_INFOPLIST_FILE = YES;
				INFOPLIST_KEY_NSHumanReadableCopyright = "";
				LD_RUNPATH_SEARCH_PATHS = (
					"$(inherited)",
					"@executable_path/../Frameworks",
				);
				MACOSX_DEPLOYMENT_TARGET = 12.0;
				MARKETING_VERSION = 1.0;
				PRODUCT_BUNDLE_IDENTIFIER = com.josh.Bejeweled;
				PRODUCT_NAME = Bejeweled;
				SDKROOT = macosx;
				SWIFT_EMIT_LOC_STRINGS = YES;
				SWIFT_VERSION = 5.0;
			};
			name = Debug;
		};
		03382B3827750065003943D3 /* Release */ = {
			isa = XCBuildConfiguration;
			buildSettings = {
				ASSETCATALOG_COMPILER_APPICON_NAME = AppIcon;
				ASSETCATALOG_COMPILER_GLOBAL_ACCENT_COLOR_NAME = AccentColor;
				CODE_SIGN_ENTITLEMENTS = macOS/macOS.entitlements;
				CODE_SIGN_STYLE = Automatic;
				COMBINE_HIDPI_IMAGES = YES;
				CURRENT_PROJECT_VERSION = 1;
				ENABLE_PREVIEWS = YES;
				GENERATE_INFOPLIST_FILE = YES;
				INFOPLIST_KEY_NSHumanReadableCopyright = "";
				LD_RUNPATH_SEARCH_PATHS = (
					"$(inherited)",
					"@executable_path/../Frameworks",
				);
				MACOSX_DEPLOYMENT_TARGET = 12.0;
				MARKETING_VERSION = 1.0;
				PRODUCT_BUNDLE_IDENTIFIER = com.josh.Bejeweled;
				PRODUCT_NAME = Bejeweled;
				SDKROOT = macosx;
				SWIFT_EMIT_LOC_STRINGS = YES;
				SWIFT_VERSION = 5.0;
			};
			name = Release;
		};
		03382B3A27750065003943D3 /* Debug */ = {
			isa = XCBuildConfiguration;
			buildSettings = {
				ALWAYS_EMBED_SWIFT_STANDARD_LIBRARIES = YES;
				CODE_SIGN_STYLE = Automatic;
				CURRENT_PROJECT_VERSION = 1;
				GENERATE_INFOPLIST_FILE = YES;
				IPHONEOS_DEPLOYMENT_TARGET = 15.0;
				LD_RUNPATH_SEARCH_PATHS = (
					"$(inherited)",
					"@executable_path/Frameworks",
					"@loader_path/Frameworks",
				);
				MARKETING_VERSION = 1.0;
				PRODUCT_BUNDLE_IDENTIFIER = "com.josh.Tests-iOS";
				PRODUCT_NAME = "$(TARGET_NAME)";
				SDKROOT = iphoneos;
				SWIFT_EMIT_LOC_STRINGS = NO;
				SWIFT_VERSION = 5.0;
				TARGETED_DEVICE_FAMILY = "1,2";
				TEST_TARGET_NAME = "Bejeweled (iOS)";
			};
			name = Debug;
		};
		03382B3B27750065003943D3 /* Release */ = {
			isa = XCBuildConfiguration;
			buildSettings = {
				ALWAYS_EMBED_SWIFT_STANDARD_LIBRARIES = YES;
				CODE_SIGN_STYLE = Automatic;
				CURRENT_PROJECT_VERSION = 1;
				GENERATE_INFOPLIST_FILE = YES;
				IPHONEOS_DEPLOYMENT_TARGET = 15.0;
				LD_RUNPATH_SEARCH_PATHS = (
					"$(inherited)",
					"@executable_path/Frameworks",
					"@loader_path/Frameworks",
				);
				MARKETING_VERSION = 1.0;
				PRODUCT_BUNDLE_IDENTIFIER = "com.josh.Tests-iOS";
				PRODUCT_NAME = "$(TARGET_NAME)";
				SDKROOT = iphoneos;
				SWIFT_EMIT_LOC_STRINGS = NO;
				SWIFT_VERSION = 5.0;
				TARGETED_DEVICE_FAMILY = "1,2";
				TEST_TARGET_NAME = "Bejeweled (iOS)";
				VALIDATE_PRODUCT = YES;
			};
			name = Release;
		};
		03382B3D27750065003943D3 /* Debug */ = {
			isa = XCBuildConfiguration;
			buildSettings = {
				ALWAYS_EMBED_SWIFT_STANDARD_LIBRARIES = YES;
				CODE_SIGN_STYLE = Automatic;
				COMBINE_HIDPI_IMAGES = YES;
				CURRENT_PROJECT_VERSION = 1;
				GENERATE_INFOPLIST_FILE = YES;
				LD_RUNPATH_SEARCH_PATHS = (
					"$(inherited)",
					"@executable_path/../Frameworks",
					"@loader_path/../Frameworks",
				);
				MACOSX_DEPLOYMENT_TARGET = 12.0;
				MARKETING_VERSION = 1.0;
				PRODUCT_BUNDLE_IDENTIFIER = "com.josh.Tests-macOS";
				PRODUCT_NAME = "$(TARGET_NAME)";
				SDKROOT = macosx;
				SWIFT_EMIT_LOC_STRINGS = NO;
				SWIFT_VERSION = 5.0;
				TEST_TARGET_NAME = "Bejeweled (macOS)";
			};
			name = Debug;
		};
		03382B3E27750065003943D3 /* Release */ = {
			isa = XCBuildConfiguration;
			buildSettings = {
				ALWAYS_EMBED_SWIFT_STANDARD_LIBRARIES = YES;
				CODE_SIGN_STYLE = Automatic;
				COMBINE_HIDPI_IMAGES = YES;
				CURRENT_PROJECT_VERSION = 1;
				GENERATE_INFOPLIST_FILE = YES;
				LD_RUNPATH_SEARCH_PATHS = (
					"$(inherited)",
					"@executable_path/../Frameworks",
					"@loader_path/../Frameworks",
				);
				MACOSX_DEPLOYMENT_TARGET = 12.0;
				MARKETING_VERSION = 1.0;
				PRODUCT_BUNDLE_IDENTIFIER = "com.josh.Tests-macOS";
				PRODUCT_NAME = "$(TARGET_NAME)";
				SDKROOT = macosx;
				SWIFT_EMIT_LOC_STRINGS = NO;
				SWIFT_VERSION = 5.0;
				TEST_TARGET_NAME = "Bejeweled (macOS)";
			};
			name = Release;
		};
/* End XCBuildConfiguration section */

/* Begin XCConfigurationList section */
		03382B0127750065003943D3 /* Build configuration list for PBXProject "Bejeweled" */ = {
			isa = XCConfigurationList;
			buildConfigurations = (
				03382B3127750065003943D3 /* Debug */,
				03382B3227750065003943D3 /* Release */,
			);
			defaultConfigurationIsVisible = 0;
			defaultConfigurationName = Release;
		};
		03382B3327750065003943D3 /* Build configuration list for PBXNativeTarget "Bejeweled (iOS)" */ = {
			isa = XCConfigurationList;
			buildConfigurations = (
				03382B3427750065003943D3 /* Debug */,
				03382B3527750065003943D3 /* Release */,
			);
			defaultConfigurationIsVisible = 0;
			defaultConfigurationName = Release;
		};
		03382B3627750065003943D3 /* Build configuration list for PBXNativeTarget "Bejeweled (macOS)" */ = {
			isa = XCConfigurationList;
			buildConfigurations = (
				03382B3727750065003943D3 /* Debug */,
				03382B3827750065003943D3 /* Release */,
			);
			defaultConfigurationIsVisible = 0;
			defaultConfigurationName = Release;
		};
		03382B3927750065003943D3 /* Build configuration list for PBXNativeTarget "Tests iOS" */ = {
			isa = XCConfigurationList;
			buildConfigurations = (
				03382B3A27750065003943D3 /* Debug */,
				03382B3B27750065003943D3 /* Release */,
			);
			defaultConfigurationIsVisible = 0;
			defaultConfigurationName = Release;
		};
		03382B3C27750065003943D3 /* Build configuration list for PBXNativeTarget "Tests macOS" */ = {
			isa = XCConfigurationList;
			buildConfigurations = (
				03382B3D27750065003943D3 /* Debug */,
				03382B3E27750065003943D3 /* Release */,
			);
			defaultConfigurationIsVisible = 0;
			defaultConfigurationName = Release;
		};
/* End XCConfigurationList section */

/* Begin XCRemoteSwiftPackageReference section */
		03382B3F277502A4003943D3 /* XCRemoteSwiftPackageReference "swift-collections" */ = {
			isa = XCRemoteSwiftPackageReference;
			repositoryURL = "https://github.com/apple/swift-collections.git";
			requirement = {
				kind = upToNextMajorVersion;
				minimumVersion = 1.0.0;
			};
		};
/* End XCRemoteSwiftPackageReference section */

/* Begin XCSwiftPackageProductDependency section */
		03382B40277502A4003943D3 /* OrderedCollections */ = {
			isa = XCSwiftPackageProductDependency;
			package = 03382B3F277502A4003943D3 /* XCRemoteSwiftPackageReference "swift-collections" */;
			productName = OrderedCollections;
		};
/* End XCSwiftPackageProductDependency section */
	};
	rootObject = 03382AFE27750065003943D3 /* Project object */;
}
